
Microsoft Visual Studio Solution File, Format Version 12.00
# Visual Studio Version 17
VisualStudioVersion = 17.13.35806.99
MinimumVisualStudioVersion = 10.0.40219.1
Project("{FAE04EC0-301F-11D3-BF4B-00C04F79EFBC}") = "Hangfire.HttpJob", "BackgroundJob\Hangfire.HttpJob\Hangfire.HttpJob.csproj", "{0A4D2E8F-5152-0584-8C3E-555ABDE53DA6}"
EndProject
Project("{FAE04EC0-301F-11D3-BF4B-00C04F79EFBC}") = "Hangfire.Redis.StackExchange", "BackgroundJob\Hangfire.Redis.StackExchange\Hangfire.Redis.StackExchange.csproj", "{BDFA526C-FEC5-7A2B-36F9-DA8CCD10EBB4}"
EndProject
Project("{2150E333-8FDC-42A3-9474-1A3956D46DE8}") = "BackgroundJob", "BackgroundJob", "{02EA681E-C7D8-13C7-8484-4AC65E1B71E8}"
EndProject
Project("{FAE04EC0-301F-11D3-BF4B-00C04F79EFBC}") = "MoLibrary.Framework", "MoLibrary.Framework\MoLibrary.Framework.csproj", "{4F36108F-9E25-7893-B605-DEAE1A7D14A2}"
EndProject
Project("{FAE04EC0-301F-11D3-BF4B-00C04F79EFBC}") = "MoLibrary.Generators.AutoController", "MoLibrary.Generators.AutoController\MoLibrary.Generators.AutoController.csproj", "{58948CB7-D569-A6B7-A410-79571D0A7D19}"
EndProject
Project("{FAE04EC0-301F-11D3-BF4B-00C04F79EFBC}") = "BuildingBlocksPlatform", "BuildingBlocksPlatform\BuildingBlocksPlatform.csproj", "{9A6AD7BC-E901-889A-814B-F3793BE6E7F6}"
EndProject
Project("{2150E333-8FDC-42A3-9474-1A3956D46DE8}") = "Tests", "Tests", "{241C163A-658A-4DEA-ABDC-77726E95E33D}"
EndProject
Project("{FAE04EC0-301F-11D3-BF4B-00C04F79EFBC}") = "Test.MoLibrary.Repository", "Tests\Test.MoLibrary.Repository\Test.MoLibrary.Repository.csproj", "{D54FA944-A307-409C-AA41-1BD98B9F9E1B}"
EndProject
Project("{FAE04EC0-301F-11D3-BF4B-00C04F79EFBC}") = "Test.MoLibrary", "Tests\Test.MoLibrary\Test.MoLibrary.csproj", "{5E4D5CE7-912D-4743-BD03-F0238697F69D}"
EndProject
Project("{FAE04EC0-301F-11D3-BF4B-00C04F79EFBC}") = "MoLibrary.Locker", "MoLibrary.Locker\MoLibrary.Locker.csproj", "{1AC66024-5469-4305-A96B-9CA50E1447FA}"
EndProject
Project("{FAE04EC0-301F-11D3-BF4B-00C04F79EFBC}") = "Test.MoLibrary.Locker", "Tests\Test.MoLibrary.Locker\Test.MoLibrary.Locker.csproj", "{E56407AD-6C29-8DEC-8505-C77D0E5A20CD}"
EndProject
Project("{FAE04EC0-301F-11D3-BF4B-00C04F79EFBC}") = "MoLibrary.Core", "MoLibrary.Core\MoLibrary.Core.csproj", "{9E9FFBBA-5C85-42EB-A7CF-7ADB09F5E757}"
EndProject
Project("{FAE04EC0-301F-11D3-BF4B-00C04F79EFBC}") = "MoLibrary.DataChannel", "MoLibrary.DataChannel\MoLibrary.DataChannel.csproj", "{5180DAC6-6D21-49AE-98A1-1BBCB9F8A4A7}"
EndProject
Project("{FAE04EC0-301F-11D3-BF4B-00C04F79EFBC}") = "MoLibrary.Tool", "MoLibrary.Tool\MoLibrary.Tool.csproj", "{2F782FF0-B9D0-4F32-A080-D94A5DC2D51B}"
EndProject
Project("{FAE04EC0-301F-11D3-BF4B-00C04F79EFBC}") = "MoLibrary.DomainDrivenDesign", "MoLibrary.DomainDrivenDesign\MoLibrary.DomainDrivenDesign.csproj", "{D4EDB99C-3AEF-46F0-B647-51192FC4D255}"
EndProject
Project("{FAE04EC0-301F-11D3-BF4B-00C04F79EFBC}") = "MoLibrary.DependencyInjection", "MoLibrary.DependencyInjection\MoLibrary.DependencyInjection.csproj", "{EA6E8D74-AC43-4151-822E-76B5A0F417F4}"
EndProject
Project("{FAE04EC0-301F-11D3-BF4B-00C04F79EFBC}") = "MoLibrary.Repository", "MoLibrary.Repository\MoLibrary.Repository.csproj", "{DC1776FE-A31D-4335-8660-E8DD18A328C7}"
EndProject
Project("{FAE04EC0-301F-11D3-BF4B-00C04F79EFBC}") = "MoLibrary.AutoModel", "MoLibrary.AutoModel\MoLibrary.AutoModel.csproj", "{CBE75A22-92B3-4E2D-A53A-3B8B08534377}"
EndProject
Project("{FAE04EC0-301F-11D3-BF4B-00C04F79EFBC}") = "MoLibrary.Authority", "MoLibrary.Authority\MoLibrary.Authority.csproj", "{7D8792F9-8307-460B-8ACF-226CC7B38A66}"
EndProject
Project("{FAE04EC0-301F-11D3-BF4B-00C04F79EFBC}") = "MoLibrary.Logging", "MoLibrary.Logging\MoLibrary.Logging.csproj", "{7BBF030F-FEF4-4EC9-851E-31F09221014A}"
EndProject
Project("{FAE04EC0-301F-11D3-BF4B-00C04F79EFBC}") = "MoLibrary.EventBus", "MoLibrary.EventBus\MoLibrary.EventBus.csproj", "{31C07986-EC9D-4731-A4FA-423FED5D8205}"
EndProject
Project("{FAE04EC0-301F-11D3-BF4B-00C04F79EFBC}") = "MoLibrary.Configuration", "MoLibrary.Configuration\MoLibrary.Configuration.csproj", "{24780ED6-16D2-4E44-A0CD-398CF9EF9001}"
EndProject
Project("{FAE04EC0-301F-11D3-BF4B-00C04F79EFBC}") = "MoLibrary.BackgroundJob", "MoLibrary.BackgroundJob\MoLibrary.BackgroundJob.csproj", "{CA0D9059-7EEC-4DAE-84DE-68641292CD44}"
EndProject
Project("{FAE04EC0-301F-11D3-BF4B-00C04F79EFBC}") = "MoLibrary.Configuration.Dashboard", "MoLibrary.Configuration.Dashboard\MoLibrary.Configuration.Dashboard.csproj", "{51DE73A1-EEAE-48EF-1014-65FC30B4384A}"
EndProject
Project("{FAE04EC0-301F-11D3-BF4B-00C04F79EFBC}") = "MoLibrary.SignalR", "MoLibrary.SignalR\MoLibrary.SignalR.csproj", "{956FE653-4D44-C45A-8DF3-3879BE6017DF}"
EndProject
Project("{FAE04EC0-301F-11D3-BF4B-00C04F79EFBC}") = "MoLibrary.Validation", "MoLibrary.Validation\MoLibrary.Validation.csproj", "{2F62054B-548E-A602-F2D9-0B269AC00EA6}"
EndProject
Project("{FAE04EC0-301F-11D3-BF4B-00C04F79EFBC}") = "MoLibrary.RegisterCentre", "MoLibrary.RegisterCentre\MoLibrary.RegisterCentre.csproj", "{ABCF2977-C0FB-E43F-33CF-818DFDD7372C}"
EndProject
Project("{FAE04EC0-301F-11D3-BF4B-00C04F79EFBC}") = "MoLibrary.StateStore", "MoLibrary.StateStore\MoLibrary.StateStore.csproj", "{31725EF9-1CBE-187D-AFD1-34B44FD5C89B}"
EndProject
Global
	GlobalSection(SolutionConfigurationPlatforms) = preSolution
		Debug|Any CPU = Debug|Any CPU
		Release|Any CPU = Release|Any CPU
	EndGlobalSection
	GlobalSection(ProjectConfigurationPlatforms) = postSolution
		{0A4D2E8F-5152-0584-8C3E-555ABDE53DA6}.Debug|Any CPU.ActiveCfg = Debug|Any CPU
		{0A4D2E8F-5152-0584-8C3E-555ABDE53DA6}.Debug|Any CPU.Build.0 = Debug|Any CPU
		{0A4D2E8F-5152-0584-8C3E-555ABDE53DA6}.Release|Any CPU.ActiveCfg = Release|Any CPU
		{0A4D2E8F-5152-0584-8C3E-555ABDE53DA6}.Release|Any CPU.Build.0 = Release|Any CPU
		{BDFA526C-FEC5-7A2B-36F9-DA8CCD10EBB4}.Debug|Any CPU.ActiveCfg = Debug|Any CPU
		{BDFA526C-FEC5-7A2B-36F9-DA8CCD10EBB4}.Debug|Any CPU.Build.0 = Debug|Any CPU
		{BDFA526C-FEC5-7A2B-36F9-DA8CCD10EBB4}.Release|Any CPU.ActiveCfg = Release|Any CPU
		{BDFA526C-FEC5-7A2B-36F9-DA8CCD10EBB4}.Release|Any CPU.Build.0 = Release|Any CPU
		{4F36108F-9E25-7893-B605-DEAE1A7D14A2}.Debug|Any CPU.ActiveCfg = Debug|Any CPU
		{4F36108F-9E25-7893-B605-DEAE1A7D14A2}.Debug|Any CPU.Build.0 = Debug|Any CPU
		{4F36108F-9E25-7893-B605-DEAE1A7D14A2}.Release|Any CPU.ActiveCfg = Release|Any CPU
		{4F36108F-9E25-7893-B605-DEAE1A7D14A2}.Release|Any CPU.Build.0 = Release|Any CPU
		{58948CB7-D569-A6B7-A410-79571D0A7D19}.Debug|Any CPU.ActiveCfg = Debug|Any CPU
		{58948CB7-D569-A6B7-A410-79571D0A7D19}.Debug|Any CPU.Build.0 = Debug|Any CPU
		{58948CB7-D569-A6B7-A410-79571D0A7D19}.Release|Any CPU.ActiveCfg = Release|Any CPU
		{58948CB7-D569-A6B7-A410-79571D0A7D19}.Release|Any CPU.Build.0 = Release|Any CPU
		{9A6AD7BC-E901-889A-814B-F3793BE6E7F6}.Debug|Any CPU.ActiveCfg = Debug|Any CPU
		{9A6AD7BC-E901-889A-814B-F3793BE6E7F6}.Debug|Any CPU.Build.0 = Debug|Any CPU
		{9A6AD7BC-E901-889A-814B-F3793BE6E7F6}.Release|Any CPU.ActiveCfg = Release|Any CPU
		{9A6AD7BC-E901-889A-814B-F3793BE6E7F6}.Release|Any CPU.Build.0 = Release|Any CPU
		{D54FA944-A307-409C-AA41-1BD98B9F9E1B}.Debug|Any CPU.ActiveCfg = Debug|Any CPU
		{D54FA944-A307-409C-AA41-1BD98B9F9E1B}.Debug|Any CPU.Build.0 = Debug|Any CPU
		{D54FA944-A307-409C-AA41-1BD98B9F9E1B}.Release|Any CPU.ActiveCfg = Release|Any CPU
		{D54FA944-A307-409C-AA41-1BD98B9F9E1B}.Release|Any CPU.Build.0 = Release|Any CPU
		{5E4D5CE7-912D-4743-BD03-F0238697F69D}.Debug|Any CPU.ActiveCfg = Debug|Any CPU
		{5E4D5CE7-912D-4743-BD03-F0238697F69D}.Debug|Any CPU.Build.0 = Debug|Any CPU
		{5E4D5CE7-912D-4743-BD03-F0238697F69D}.Release|Any CPU.ActiveCfg = Release|Any CPU
		{5E4D5CE7-912D-4743-BD03-F0238697F69D}.Release|Any CPU.Build.0 = Release|Any CPU
		{1AC66024-5469-4305-A96B-9CA50E1447FA}.Debug|Any CPU.ActiveCfg = Debug|Any CPU
		{1AC66024-5469-4305-A96B-9CA50E1447FA}.Debug|Any CPU.Build.0 = Debug|Any CPU
		{1AC66024-5469-4305-A96B-9CA50E1447FA}.Release|Any CPU.ActiveCfg = Release|Any CPU
		{1AC66024-5469-4305-A96B-9CA50E1447FA}.Release|Any CPU.Build.0 = Release|Any CPU
		{E56407AD-6C29-8DEC-8505-C77D0E5A20CD}.Debug|Any CPU.ActiveCfg = Debug|Any CPU
		{E56407AD-6C29-8DEC-8505-C77D0E5A20CD}.Debug|Any CPU.Build.0 = Debug|Any CPU
		{E56407AD-6C29-8DEC-8505-C77D0E5A20CD}.Release|Any CPU.ActiveCfg = Release|Any CPU
		{E56407AD-6C29-8DEC-8505-C77D0E5A20CD}.Release|Any CPU.Build.0 = Release|Any CPU
		{9E9FFBBA-5C85-42EB-A7CF-7ADB09F5E757}.Debug|Any CPU.ActiveCfg = Debug|Any CPU
		{9E9FFBBA-5C85-42EB-A7CF-7ADB09F5E757}.Debug|Any CPU.Build.0 = Debug|Any CPU
		{9E9FFBBA-5C85-42EB-A7CF-7ADB09F5E757}.Release|Any CPU.ActiveCfg = Release|Any CPU
		{9E9FFBBA-5C85-42EB-A7CF-7ADB09F5E757}.Release|Any CPU.Build.0 = Release|Any CPU
		{5180DAC6-6D21-49AE-98A1-1BBCB9F8A4A7}.Debug|Any CPU.ActiveCfg = Debug|Any CPU
		{5180DAC6-6D21-49AE-98A1-1BBCB9F8A4A7}.Debug|Any CPU.Build.0 = Debug|Any CPU
		{5180DAC6-6D21-49AE-98A1-1BBCB9F8A4A7}.Release|Any CPU.ActiveCfg = Release|Any CPU
		{5180DAC6-6D21-49AE-98A1-1BBCB9F8A4A7}.Release|Any CPU.Build.0 = Release|Any CPU
		{2F782FF0-B9D0-4F32-A080-D94A5DC2D51B}.Debug|Any CPU.ActiveCfg = Debug|Any CPU
		{2F782FF0-B9D0-4F32-A080-D94A5DC2D51B}.Debug|Any CPU.Build.0 = Debug|Any CPU
		{2F782FF0-B9D0-4F32-A080-D94A5DC2D51B}.Release|Any CPU.ActiveCfg = Release|Any CPU
		{2F782FF0-B9D0-4F32-A080-D94A5DC2D51B}.Release|Any CPU.Build.0 = Release|Any CPU
		{D4EDB99C-3AEF-46F0-B647-51192FC4D255}.Debug|Any CPU.ActiveCfg = Debug|Any CPU
		{D4EDB99C-3AEF-46F0-B647-51192FC4D255}.Debug|Any CPU.Build.0 = Debug|Any CPU
		{D4EDB99C-3AEF-46F0-B647-51192FC4D255}.Release|Any CPU.ActiveCfg = Release|Any CPU
		{D4EDB99C-3AEF-46F0-B647-51192FC4D255}.Release|Any CPU.Build.0 = Release|Any CPU
		{EA6E8D74-AC43-4151-822E-76B5A0F417F4}.Debug|Any CPU.ActiveCfg = Debug|Any CPU
		{EA6E8D74-AC43-4151-822E-76B5A0F417F4}.Debug|Any CPU.Build.0 = Debug|Any CPU
		{EA6E8D74-AC43-4151-822E-76B5A0F417F4}.Release|Any CPU.ActiveCfg = Release|Any CPU
		{EA6E8D74-AC43-4151-822E-76B5A0F417F4}.Release|Any CPU.Build.0 = Release|Any CPU
		{DC1776FE-A31D-4335-8660-E8DD18A328C7}.Debug|Any CPU.ActiveCfg = Debug|Any CPU
		{DC1776FE-A31D-4335-8660-E8DD18A328C7}.Debug|Any CPU.Build.0 = Debug|Any CPU
		{DC1776FE-A31D-4335-8660-E8DD18A328C7}.Release|Any CPU.ActiveCfg = Release|Any CPU
		{DC1776FE-A31D-4335-8660-E8DD18A328C7}.Release|Any CPU.Build.0 = Release|Any CPU
		{CBE75A22-92B3-4E2D-A53A-3B8B08534377}.Debug|Any CPU.ActiveCfg = Debug|Any CPU
		{CBE75A22-92B3-4E2D-A53A-3B8B08534377}.Debug|Any CPU.Build.0 = Debug|Any CPU
		{CBE75A22-92B3-4E2D-A53A-3B8B08534377}.Release|Any CPU.ActiveCfg = Release|Any CPU
		{CBE75A22-92B3-4E2D-A53A-3B8B08534377}.Release|Any CPU.Build.0 = Release|Any CPU
		{7D8792F9-8307-460B-8ACF-226CC7B38A66}.Debug|Any CPU.ActiveCfg = Debug|Any CPU
		{7D8792F9-8307-460B-8ACF-226CC7B38A66}.Debug|Any CPU.Build.0 = Debug|Any CPU
		{7D8792F9-8307-460B-8ACF-226CC7B38A66}.Release|Any CPU.ActiveCfg = Release|Any CPU
		{7D8792F9-8307-460B-8ACF-226CC7B38A66}.Release|Any CPU.Build.0 = Release|Any CPU
		{7BBF030F-FEF4-4EC9-851E-31F09221014A}.Debug|Any CPU.ActiveCfg = Debug|Any CPU
		{7BBF030F-FEF4-4EC9-851E-31F09221014A}.Debug|Any CPU.Build.0 = Debug|Any CPU
		{7BBF030F-FEF4-4EC9-851E-31F09221014A}.Release|Any CPU.ActiveCfg = Release|Any CPU
		{7BBF030F-FEF4-4EC9-851E-31F09221014A}.Release|Any CPU.Build.0 = Release|Any CPU
		{31C07986-EC9D-4731-A4FA-423FED5D8205}.Debug|Any CPU.ActiveCfg = Debug|Any CPU
		{31C07986-EC9D-4731-A4FA-423FED5D8205}.Debug|Any CPU.Build.0 = Debug|Any CPU
		{31C07986-EC9D-4731-A4FA-423FED5D8205}.Release|Any CPU.ActiveCfg = Release|Any CPU
		{31C07986-EC9D-4731-A4FA-423FED5D8205}.Release|Any CPU.Build.0 = Release|Any CPU
		{24780ED6-16D2-4E44-A0CD-398CF9EF9001}.Debug|Any CPU.ActiveCfg = Debug|Any CPU
		{24780ED6-16D2-4E44-A0CD-398CF9EF9001}.Debug|Any CPU.Build.0 = Debug|Any CPU
		{24780ED6-16D2-4E44-A0CD-398CF9EF9001}.Release|Any CPU.ActiveCfg = Release|Any CPU
		{24780ED6-16D2-4E44-A0CD-398CF9EF9001}.Release|Any CPU.Build.0 = Release|Any CPU
		{CA0D9059-7EEC-4DAE-84DE-68641292CD44}.Debug|Any CPU.ActiveCfg = Debug|Any CPU
		{CA0D9059-7EEC-4DAE-84DE-68641292CD44}.Debug|Any CPU.Build.0 = Debug|Any CPU
		{CA0D9059-7EEC-4DAE-84DE-68641292CD44}.Release|Any CPU.ActiveCfg = Release|Any CPU
		{CA0D9059-7EEC-4DAE-84DE-68641292CD44}.Release|Any CPU.Build.0 = Release|Any CPU
		{51DE73A1-EEAE-48EF-1014-65FC30B4384A}.Debug|Any CPU.ActiveCfg = Debug|Any CPU
		{51DE73A1-EEAE-48EF-1014-65FC30B4384A}.Debug|Any CPU.Build.0 = Debug|Any CPU
		{51DE73A1-EEAE-48EF-1014-65FC30B4384A}.Release|Any CPU.ActiveCfg = Release|Any CPU
		{51DE73A1-EEAE-48EF-1014-65FC30B4384A}.Release|Any CPU.Build.0 = Release|Any CPU
		{956FE653-4D44-C45A-8DF3-3879BE6017DF}.Debug|Any CPU.ActiveCfg = Debug|Any CPU
		{956FE653-4D44-C45A-8DF3-3879BE6017DF}.Debug|Any CPU.Build.0 = Debug|Any CPU
		{956FE653-4D44-C45A-8DF3-3879BE6017DF}.Release|Any CPU.ActiveCfg = Release|Any CPU
		{956FE653-4D44-C45A-8DF3-3879BE6017DF}.Release|Any CPU.Build.0 = Release|Any CPU
		{2F62054B-548E-A602-F2D9-0B269AC00EA6}.Debug|Any CPU.ActiveCfg = Debug|Any CPU
		{2F62054B-548E-A602-F2D9-0B269AC00EA6}.Debug|Any CPU.Build.0 = Debug|Any CPU
		{2F62054B-548E-A602-F2D9-0B269AC00EA6}.Release|Any CPU.ActiveCfg = Release|Any CPU
		{2F62054B-548E-A602-F2D9-0B269AC00EA6}.Release|Any CPU.Build.0 = Release|Any CPU
		{ABCF2977-C0FB-E43F-33CF-818DFDD7372C}.Debug|Any CPU.ActiveCfg = Debug|Any CPU
		{ABCF2977-C0FB-E43F-33CF-818DFDD7372C}.Debug|Any CPU.Build.0 = Debug|Any CPU
		{ABCF2977-C0FB-E43F-33CF-818DFDD7372C}.Release|Any CPU.ActiveCfg = Release|Any CPU
		{ABCF2977-C0FB-E43F-33CF-818DFDD7372C}.Release|Any CPU.Build.0 = Release|Any CPU
		{31725EF9-1CBE-187D-AFD1-34B44FD5C89B}.Debug|Any CPU.ActiveCfg = Debug|Any CPU
		{31725EF9-1CBE-187D-AFD1-34B44FD5C89B}.Debug|Any CPU.Build.0 = Debug|Any CPU
		{31725EF9-1CBE-187D-AFD1-34B44FD5C89B}.Release|Any CPU.ActiveCfg = Release|Any CPU
		{31725EF9-1CBE-187D-AFD1-34B44FD5C89B}.Release|Any CPU.Build.0 = Release|Any CPU
	EndGlobalSection
	GlobalSection(SolutionProperties) = preSolution
		HideSolutionNode = FALSE
	EndGlobalSection
	GlobalSection(NestedProjects) = preSolution
		{0A4D2E8F-5152-0584-8C3E-555ABDE53DA6} = {02EA681E-C7D8-13C7-8484-4AC65E1B71E8}
		{BDFA526C-FEC5-7A2B-36F9-DA8CCD10EBB4} = {02EA681E-C7D8-13C7-8484-4AC65E1B71E8}
		{D54FA944-A307-409C-AA41-1BD98B9F9E1B} = {241C163A-658A-4DEA-ABDC-77726E95E33D}
		{5E4D5CE7-912D-4743-BD03-F0238697F69D} = {241C163A-658A-4DEA-ABDC-77726E95E33D}
		{E56407AD-6C29-8DEC-8505-C77D0E5A20CD} = {241C163A-658A-4DEA-ABDC-77726E95E33D}
	EndGlobalSection
	GlobalSection(ExtensibilityGlobals) = postSolution
		SolutionGuid = {45A49162-EF10-4D36-81F7-8AE77803D557}
	EndGlobalSection
EndGlobal
