<Solution>
  <Configurations>
    <Platform Name="Any CPU" />
    <Platform Name="x64" />
    <Platform Name="x86" />
  </Configurations>
  <Folder Name="/examples/">
    <Project Path="examples/JobSchedulerMinimal/JobSchedulerMinimal.csproj" />
  </Folder>
  <Folder Name="/benchmarks/">
    <Project Path="benchmarks/Benchmark.Monica.Core/Benchmark.Monica.Core.csproj" />
  </Folder>
  <Folder Name="/examples/Monica.ReferenceApplication/">
    <Project Path="examples/Monica.ReferenceApplication/src/AppHost/Monica.Reference.Api/Monica.Reference.Api.csproj" />
    <Project Path="examples/Monica.ReferenceApplication/src/Domains/Ordering/Domains.Ordering.csproj" />
    <Project Path="examples/Monica.ReferenceApplication/src/Shared/Platform.BuildingBlocks/Platform.BuildingBlocks.csproj" />
    <Project Path="examples/Monica.ReferenceApplication/src/Shared/Platform.Infrastructure/Platform.Infrastructure.csproj" />
    <Project Path="examples/Monica.ReferenceApplication/src/Shared/Platform.Protocol/Platform.Protocol.csproj" />
  </Folder>
  <Folder Name="/tests/">
    <Project Path="tests/Test.Monica.Configuration.EventBus/Test.Monica.Configuration.EventBus.csproj" />
    <Project Path="tests/Test.Monica.Configuration.EfCore/Test.Monica.Configuration.EfCore.csproj" />
    <Project Path="tests/Test.Monica.Configuration.UI/Test.Monica.Configuration.UI.csproj" />
    <Project Path="tests/Test.Monica.Configuration/Test.Monica.Configuration.csproj" />
    <Project Path="tests/Test.Monica.Core/Test.Monica.Core.csproj" />
    <Project Path="tests/Test.Monica.Dapr/Test.Monica.Dapr.csproj" />
    <Project Path="tests/Test.Monica.EventBus.Kafka/Test.Monica.EventBus.Kafka.csproj" />
    <Project Path="tests/Test.Monica.EventBus/Test.Monica.EventBus.csproj" />
    <Project Path="tests/Test.Monica.DependencyInjection/Test.Monica.DependencyInjection.csproj" />
    <Project Path="tests/Test.Monica.Framework.UI/Test.Monica.Framework.UI.csproj" />
    <Project Path="tests/Test.Monica.Generators.AutoController/Test.Monica.Generators.AutoController.csproj" />
    <Project Path="tests/Test.Monica.Framework/Test.Monica.Framework.csproj" />
    <Project Path="tests/Test.Monica.JobScheduler.UI/Test.Monica.JobScheduler.UI.csproj" />
    <Project Path="tests/Test.Monica.JobScheduler/Test.Monica.JobScheduler.csproj" />
    <Project Path="tests/Test.Monica.Markdown/Test.Monica.Markdown.csproj" />
    <Project Path="tests/Test.Monica.ProjectUnits.CodeAnalysis/Test.Monica.ProjectUnits.CodeAnalysis.csproj" />
    <Project Path="tests/Test.Monica.ProjectUnits/Test.Monica.ProjectUnits.csproj" />
    <Project Path="tests/Test.Monica.AI/Test.Monica.AI.csproj" />
    <Project Path="tests/Test.Monica.AI.UI/Test.Monica.AI.UI.csproj" />
    <Project Path="tests/Test.Monica.Authority/Test.Monica.Authority.csproj" />
    <Project Path="tests/Test.Monica.Profiling/Test.Monica.Profiling.csproj" />
    <Project Path="tests/Test.Monica.Repository/Test.Monica.Repository.csproj" />
    <Project Path="tests/Test.Monica.UI/Test.Monica.UI.csproj" />
  </Folder>
 
  <Project Path="Monica.AI.UI/Monica.AI.UI.csproj" />
  <Project Path="Monica.AI/Monica.AI.csproj" />
  <Project Path="Monica.Authority/Monica.Authority.csproj" />
  <Project Path="Monica.AutoModel/Monica.AutoModel.csproj" />
  <Project Path="Monica.Configuration.EfCore/Monica.Configuration.EfCore.csproj" />
  <Project Path="Monica.Configuration.EventBus/Monica.Configuration.EventBus.csproj" />
  <Project Path="Monica.Configuration.UI/Monica.Configuration.UI.csproj" />
  <Project Path="Monica.Configuration/Monica.Configuration.csproj" />
  <Project Path="Monica.Core/Monica.Core.csproj" />
  <Project Path="Monica.Dapr/Monica.Dapr.csproj" />
  <Project Path="Monica.DataChannel/Monica.DataChannel.csproj" />
  <Project Path="Monica.DevOps/Monica.DevOps.csproj" />
  <Project Path="Monica.DependencyInjection/Monica.DependencyInjection.csproj" />
  <Project Path="Monica.Experimental/Monica.Experimental.csproj" />
  <Project Path="Monica.WebApi/Monica.WebApi.csproj" />
  <Project Path="Monica.EventBus.Kafka/Monica.EventBus.Kafka.csproj" />
  <Project Path="Monica.EventBus/Monica.EventBus.csproj" />
  <Project Path="Monica.Framework.Generators/Monica.Framework.Generators.csproj" />
  <Project Path="Monica.Framework.UI/Monica.Framework.UI.csproj" />
  <Project Path="Monica.Framework/Monica.Framework.csproj" />
  <Project Path="Monica.Generators.AutoController/Monica.Generators.AutoController.csproj" />
  <Project Path="Monica.JobScheduler.EfCore/Monica.JobScheduler.EfCore.csproj" />
  <Project Path="Monica.JobScheduler.UI/Monica.JobScheduler.UI.csproj" />
  <Project Path="Monica.JobScheduler/Monica.JobScheduler.csproj" />
  <Project Path="Monica.Locker/Monica.Locker.csproj" />
  <Project Path="Monica.Logging/Monica.Logging.csproj" />
  <Project Path="Monica.Markdown/Monica.Markdown.csproj" />
  <Project Path="Monica.Office/Monica.Office.csproj" />
  <Project Path="Monica.OpenTelemetry.UI/Monica.OpenTelemetry.UI.csproj" />
  <Project Path="Monica.OpenTelemetry/Monica.OpenTelemetry.csproj" />
  <Project Path="Monica.Profiling/Monica.Profiling.csproj" />
  <Project Path="Monica.ProjectUnits.CodeAnalysis/Monica.ProjectUnits.CodeAnalysis.csproj" />
  <Project Path="Monica.ProjectUnits/Monica.ProjectUnits.csproj" />
  <Project Path="Monica.ServiceDiscovery/Monica.ServiceDiscovery.csproj" />
  <Project Path="Monica.Repository.UI/Monica.Repository.UI.csproj" />
  <Project Path="Monica.Repository/Monica.Repository.csproj" />
  <Project Path="Monica.SignalR/Monica.SignalR.csproj" />
  <Project Path="Monica.StateStore.StackExchange/Monica.StateStore.StackExchange.csproj" />
  <Project Path="Monica.StateStore.UI/Monica.StateStore.UI.csproj" />
  <Project Path="Monica.StateStore/Monica.StateStore.csproj" />
  <Project Path="Monica.Templates/Monica.Templates.csproj" />
  <Project Path="Monica.Tool/Monica.Tool.csproj" />
  <Project Path="Monica.Testing/Monica.Testing.csproj" />
  <Project Path="Monica.Testing.UI/Monica.Testing.UI.csproj" />
  <Project Path="Monica.UI/Monica.UI.csproj" />
  <Project Path="Monica.Utilities/Monica.Utilities.csproj" />
</Solution>
