<Solution>
  <Folder Name="/src/AppHost/">
    <Project Path="src/AppHost/Monica.Reference.Api/Monica.Reference.Api.csproj" />
  </Folder>
  <Folder Name="/src/Domains/">
    <Project Path="src/Domains/Ordering/Domains.Ordering.csproj" />
  </Folder>
  <Folder Name="/src/Shared/">
    <Project Path="src/Shared/Platform.BuildingBlocks/Platform.BuildingBlocks.csproj" />
    <Project Path="src/Shared/Platform.Infrastructure/Platform.Infrastructure.csproj" />
    <Project Path="src/Shared/Platform.Protocol/Platform.Protocol.csproj" />
  </Folder>
</Solution>
